// !$*UTF8*$!
{
	archiveVersion = 1;
	classes = {
	};
	objectVersion = 56;
	objects = {

/* Begin PBXBuildFile section */
		38698E1C26F126DCDBD1E4C7 /* Pods_rentex_rent_car.framework in Frameworks */ = {isa = PBXBuildFile; fileRef = 3B318E055E107B925F32C67E /* Pods_rentex_rent_car.framework */; };
		810E3C25292055D000AF1BCC /* CarTableViewCell.swift in Sources */ = {isa = PBXBuildFile; fileRef = 810E3C23292055D000AF1BCC /* CarTableViewCell.swift */; };
		810E3DE92920619200AF1BCC /* CarTableViewCell.xib in Resources */ = {isa = PBXBuildFile; fileRef = 810E3DEB2920619200AF1BCC /* CarTableViewCell.xib */; };
		810E3DF02920631700AF1BCC /* HomeTableViewController.swift in Sources */ = {isa = PBXBuildFile; fileRef = 810E3DEF2920631700AF1BCC /* HomeTableViewController.swift */; };
		810E3DF32920650000AF1BCC /* CarsModel.swift in Sources */ = {isa = PBXBuildFile; fileRef = 810E3DF22920650000AF1BCC /* CarsModel.swift */; };
		810E3DF5292066BD00AF1BCC /* SchedulesByCarsModel.swift in Sources */ = {isa = PBXBuildFile; fileRef = 810E3DF4292066BD00AF1BCC /* SchedulesByCarsModel.swift */; };
		81142C3E29210F15009851A6 /* Factories.swift in Sources */ = {isa = PBXBuildFile; fileRef = 81142C3D29210F15009851A6 /* Factories.swift */; };
		81209C4A2922A0A8001AFFA2 /* RentDateSelectedViewController.swift in Sources */ = {isa = PBXBuildFile; fileRef = 81209C492922A0A8001AFFA2 /* RentDateSelectedViewController.swift */; };
		81379BEC2928550000D47159 /* RequestManager.swift in Sources */ = {isa = PBXBuildFile; fileRef = 81379BEB2928550000D47159 /* RequestManager.swift */; };
		813932A7292A3BBE00C00F45 /* RentsByUserTableViewCell.swift in Sources */ = {isa = PBXBuildFile; fileRef = 813932A5292A3BBE00C00F45 /* RentsByUserTableViewCell.swift */; };
		813932A8292A3BBE00C00F45 /* RentsByUserTableViewCell.xib in Resources */ = {isa = PBXBuildFile; fileRef = 813932A6292A3BBE00C00F45 /* RentsByUserTableViewCell.xib */; };
		8169684B292966F600FBCAC9 /* ScheduleCompleteViewController.swift in Sources */ = {isa = PBXBuildFile; fileRef = 8169684A292966F600FBCAC9 /* ScheduleCompleteViewController.swift */; };
		817F3F8E292A5333001875A7 /* SchedulesByUserViewController.swift in Sources */ = {isa = PBXBuildFile; fileRef = 817F3F8D292A5333001875A7 /* SchedulesByUserViewController.swift */; };
		81B42400292051C700EE4F58 /* AppDelegate.swift in Sources */ = {isa = PBXBuildFile; fileRef = 81B423FF292051C700EE4F58 /* AppDelegate.swift */; };
		81B42402292051C700EE4F58 /* SceneDelegate.swift in Sources */ = {isa = PBXBuildFile; fileRef = 81B42401292051C700EE4F58 /* SceneDelegate.swift */; };
		81B42407292051C700EE4F58 /* Main.storyboard in Resources */ = {isa = PBXBuildFile; fileRef = 81B42405292051C700EE4F58 /* Main.storyboard */; };
		81B42409292051C800EE4F58 /* Assets.xcassets in Resources */ = {isa = PBXBuildFile; fileRef = 81B42408292051C800EE4F58 /* Assets.xcassets */; };
		81B4240C292051C800EE4F58 /* LaunchScreen.storyboard in Resources */ = {isa = PBXBuildFile; fileRef = 81B4240A292051C800EE4F58 /* LaunchScreen.storyboard */; };
		81CCB99E292996D5009A58DB /* SchedulesByUserModel.swift in Sources */ = {isa = PBXBuildFile; fileRef = 81CCB99D292996D5009A58DB /* SchedulesByUserModel.swift */; };
		81D2DE7E2921619A009D9A97 /* DetailsCarCollectionViewCell.swift in Sources */ = {isa = PBXBuildFile; fileRef = 81D2DE7D2921619A009D9A97 /* DetailsCarCollectionViewCell.swift */; };
		81D2DE8029216753009D9A97 /* DetailsCarViewController.swift in Sources */ = {isa = PBXBuildFile; fileRef = 81D2DE7F29216753009D9A97 /* DetailsCarViewController.swift */; };
		81E1B5442925BEF200C36CC3 /* ReserveCarViewController.swift in Sources */ = {isa = PBXBuildFile; fileRef = 81E1B5432925BEF200C36CC3 /* ReserveCarViewController.swift */; };
		81E1B5492925C89600C36CC3 /* ReserveCollectionViewCell.swift in Sources */ = {isa = PBXBuildFile; fileRef = 81E1B5482925C89600C36CC3 /* ReserveCollectionViewCell.swift */; };
/* End PBXBuildFile section */

/* Begin PBXFileReference section */
		3B318E055E107B925F32C67E /* Pods_rentex_rent_car.framework */ = {isa = PBXFileReference; explicitFileType = wrapper.framework; includeInIndex = 0; path = Pods_rentex_rent_car.framework; sourceTree = BUILT_PRODUCTS_DIR; };
		4EDEB9CAB2C68367A2396849 /* Pods-rentex rent car.debug.xcconfig */ = {isa = PBXFileReference; includeInIndex = 1; lastKnownFileType = text.xcconfig; name = "Pods-rentex rent car.debug.xcconfig"; path = "Target Support Files/Pods-rentex rent car/Pods-rentex rent car.debug.xcconfig"; sourceTree = "<group>"; };
		7F9A49B94DA45029C2F31E7D /* Pods-rentex rent car.release.xcconfig */ = {isa = PBXFileReference; includeInIndex = 1; lastKnownFileType = text.xcconfig; name = "Pods-rentex rent car.release.xcconfig"; path = "Target Support Files/Pods-rentex rent car/Pods-rentex rent car.release.xcconfig"; sourceTree = "<group>"; };
		810E3C23292055D000AF1BCC /* CarTableViewCell.swift */ = {isa = PBXFileReference; lastKnownFileType = sourcecode.swift; path = CarTableViewCell.swift; sourceTree = "<group>"; };
		810E3DEA2920619200AF1BCC /* Base */ = {isa = PBXFileReference; lastKnownFileType = file.xib; name = Base; path = Base.lproj/CarTableViewCell.xib; sourceTree = "<group>"; };
		810E3DEF2920631700AF1BCC /* HomeTableViewController.swift */ = {isa = PBXFileReference; lastKnownFileType = sourcecode.swift; path = HomeTableViewController.swift; sourceTree = "<group>"; };
		810E3DF22920650000AF1BCC /* CarsModel.swift */ = {isa = PBXFileReference; lastKnownFileType = sourcecode.swift; path = CarsModel.swift; sourceTree = "<group>"; };
		810E3DF4292066BD00AF1BCC /* SchedulesByCarsModel.swift */ = {isa = PBXFileReference; lastKnownFileType = sourcecode.swift; path = SchedulesByCarsModel.swift; sourceTree = "<group>"; };
		81142C3D29210F15009851A6 /* Factories.swift */ = {isa = PBXFileReference; lastKnownFileType = sourcecode.swift; path = Factories.swift; sourceTree = "<group>"; };
		81209C492922A0A8001AFFA2 /* RentDateSelectedViewController.swift */ = {isa = PBXFileReference; lastKnownFileType = sourcecode.swift; path = RentDateSelectedViewController.swift; sourceTree = "<group>"; };
		81379BEB2928550000D47159 /* RequestManager.swift */ = {isa = PBXFileReference; lastKnownFileType = sourcecode.swift; path = RequestManager.swift; sourceTree = "<group>"; };
		813932A5292A3BBE00C00F45 /* RentsByUserTableViewCell.swift */ = {isa = PBXFileReference; lastKnownFileType = sourcecode.swift; path = RentsByUserTableViewCell.swift; sourceTree = "<group>"; };
		813932A6292A3BBE00C00F45 /* RentsByUserTableViewCell.xib */ = {isa = PBXFileReference; lastKnownFileType = file.xib; path = RentsByUserTableViewCell.xib; sourceTree = "<group>"; };
		8169684A292966F600FBCAC9 /* ScheduleCompleteViewController.swift */ = {isa = PBXFileReference; lastKnownFileType = sourcecode.swift; path = ScheduleCompleteViewController.swift; sourceTree = "<group>"; };
		817F3F8D292A5333001875A7 /* SchedulesByUserViewController.swift */ = {isa = PBXFileReference; lastKnownFileType = sourcecode.swift; path = SchedulesByUserViewController.swift; sourceTree = "<group>"; };
		81B423FC292051C700EE4F58 /* rentex rent car.app */ = {isa = PBXFileReference; explicitFileType = wrapper.application; includeInIndex = 0; path = "rentex rent car.app"; sourceTree = BUILT_PRODUCTS_DIR; };
		81B423FF292051C700EE4F58 /* AppDelegate.swift */ = {isa = PBXFileReference; lastKnownFileType = sourcecode.swift; path = AppDelegate.swift; sourceTree = "<group>"; };
		81B42401292051C700EE4F58 /* SceneDelegate.swift */ = {isa = PBXFileReference; lastKnownFileType = sourcecode.swift; path = SceneDelegate.swift; sourceTree = "<group>"; };
		81B42406292051C700EE4F58 /* Base */ = {isa = PBXFileReference; lastKnownFileType = file.storyboard; name = Base; path = Base.lproj/Main.storyboard; sourceTree = "<group>"; };
		81B42408292051C800EE4F58 /* Assets.xcassets */ = {isa = PBXFileReference; lastKnownFileType = folder.assetcatalog; path = Assets.xcassets; sourceTree = "<group>"; };
		81B4240B292051C800EE4F58 /* Base */ = {isa = PBXFileReference; lastKnownFileType = file.storyboard; name = Base; path = Base.lproj/LaunchScreen.storyboard; sourceTree = "<group>"; };
		81B4240D292051C800EE4F58 /* Info.plist */ = {isa = PBXFileReference; lastKnownFileType = text.plist.xml; path = Info.plist; sourceTree = "<group>"; };
		81CCB99D292996D5009A58DB /* SchedulesByUserModel.swift */ = {isa = PBXFileReference; lastKnownFileType = sourcecode.swift; path = SchedulesByUserModel.swift; sourceTree = "<group>"; };
		81D2DE7D2921619A009D9A97 /* DetailsCarCollectionViewCell.swift */ = {isa = PBXFileReference; lastKnownFileType = sourcecode.swift; path = DetailsCarCollectionViewCell.swift; sourceTree = "<group>"; };
		81D2DE7F29216753009D9A97 /* DetailsCarViewController.swift */ = {isa = PBXFileReference; lastKnownFileType = sourcecode.swift; path = DetailsCarViewController.swift; sourceTree = "<group>"; };
		81D2DEDB2921752C009D9A97 /* Inter-Thin.ttf */ = {isa = PBXFileReference; lastKnownFileType = file; path = "Inter-Thin.ttf"; sourceTree = "<group>"; };
		81D2DEDC2921752C009D9A97 /* Inter-Light.ttf */ = {isa = PBXFileReference; lastKnownFileType = file; path = "Inter-Light.ttf"; sourceTree = "<group>"; };
		81D2DEDD2921752C009D9A97 /* Inter-ExtraBold.ttf */ = {isa = PBXFileReference; lastKnownFileType = file; path = "Inter-ExtraBold.ttf"; sourceTree = "<group>"; };
		81D2DEDE2921752C009D9A97 /* Inter-Black.ttf */ = {isa = PBXFileReference; lastKnownFileType = file; path = "Inter-Black.ttf"; sourceTree = "<group>"; };
		81D2DEDF2921752C009D9A97 /* Inter-Bold.ttf */ = {isa = PBXFileReference; lastKnownFileType = file; path = "Inter-Bold.ttf"; sourceTree = "<group>"; };
		81D2DEE02921752C009D9A97 /* Inter-SemiBold.ttf */ = {isa = PBXFileReference; lastKnownFileType = file; path = "Inter-SemiBold.ttf"; sourceTree = "<group>"; };
		81D2DEE12921752C009D9A97 /* Inter-Regular.ttf */ = {isa = PBXFileReference; lastKnownFileType = file; path = "Inter-Regular.ttf"; sourceTree = "<group>"; };
		81D2DEE22921752C009D9A97 /* Inter-Medium.ttf */ = {isa = PBXFileReference; lastKnownFileType = file; path = "Inter-Medium.ttf"; sourceTree = "<group>"; };
		81D2DEE32921752C009D9A97 /* Inter-ExtraLight.ttf */ = {isa = PBXFileReference; lastKnownFileType = file; path = "Inter-ExtraLight.ttf"; sourceTree = "<group>"; };
		81D2DEE52921752C009D9A97 /* Archivo-SemiBold.ttf */ = {isa = PBXFileReference; lastKnownFileType = file; path = "Archivo-SemiBold.ttf"; sourceTree = "<group>"; };
		81D2DEE62921752C009D9A97 /* Archivo-ThinItalic.ttf */ = {isa = PBXFileReference; lastKnownFileType = file; path = "Archivo-ThinItalic.ttf"; sourceTree = "<group>"; };
		81D2DEE72921752C009D9A97 /* Archivo-Medium.ttf */ = {isa = PBXFileReference; lastKnownFileType = file; path = "Archivo-Medium.ttf"; sourceTree = "<group>"; };
		81D2DEE82921752C009D9A97 /* Archivo-LightItalic.ttf */ = {isa = PBXFileReference; lastKnownFileType = file; path = "Archivo-LightItalic.ttf"; sourceTree = "<group>"; };
		81D2DEE92921752D009D9A97 /* Archivo-ExtraLightItalic.ttf */ = {isa = PBXFileReference; lastKnownFileType = file; path = "Archivo-ExtraLightItalic.ttf"; sourceTree = "<group>"; };
		81D2DEEA2921752D009D9A97 /* Archivo-ExtraBold.ttf */ = {isa = PBXFileReference; lastKnownFileType = file; path = "Archivo-ExtraBold.ttf"; sourceTree = "<group>"; };
		81D2DEEB2921752D009D9A97 /* Archivo-Light.ttf */ = {isa = PBXFileReference; lastKnownFileType = file; path = "Archivo-Light.ttf"; sourceTree = "<group>"; };
		81D2DEEC2921752D009D9A97 /* Archivo-Regular.ttf */ = {isa = PBXFileReference; lastKnownFileType = file; path = "Archivo-Regular.ttf"; sourceTree = "<group>"; };
		81D2DEED2921752D009D9A97 /* Archivo-BlackItalic.ttf */ = {isa = PBXFileReference; lastKnownFileType = file; path = "Archivo-BlackItalic.ttf"; sourceTree = "<group>"; };
		81D2DEEE2921752D009D9A97 /* Archivo-Italic.ttf */ = {isa = PBXFileReference; lastKnownFileType = file; path = "Archivo-Italic.ttf"; sourceTree = "<group>"; };
		81D2DEEF2921752D009D9A97 /* Archivo-Black.ttf */ = {isa = PBXFileReference; lastKnownFileType = file; path = "Archivo-Black.ttf"; sourceTree = "<group>"; };
		81D2DEF02921752D009D9A97 /* Archivo-MediumItalic.ttf */ = {isa = PBXFileReference; lastKnownFileType = file; path = "Archivo-MediumItalic.ttf"; sourceTree = "<group>"; };
		81D2DEF12921752D009D9A97 /* Archivo-BoldItalic.ttf */ = {isa = PBXFileReference; lastKnownFileType = file; path = "Archivo-BoldItalic.ttf"; sourceTree = "<group>"; };
		81D2DEF22921752D009D9A97 /* Archivo-ExtraBoldItalic.ttf */ = {isa = PBXFileReference; lastKnownFileType = file; path = "Archivo-ExtraBoldItalic.ttf"; sourceTree = "<group>"; };
		81D2DEF32921752D009D9A97 /* Archivo-Thin.ttf */ = {isa = PBXFileReference; lastKnownFileType = file; path = "Archivo-Thin.ttf"; sourceTree = "<group>"; };
		81D2DEF42921752D009D9A97 /* Archivo-Bold.ttf */ = {isa = PBXFileReference; lastKnownFileType = file; path = "Archivo-Bold.ttf"; sourceTree = "<group>"; };
		81D2DEF52921752D009D9A97 /* Archivo-ExtraLight.ttf */ = {isa = PBXFileReference; lastKnownFileType = file; path = "Archivo-ExtraLight.ttf"; sourceTree = "<group>"; };
		81D2DEF62921752E009D9A97 /* Archivo-SemiBoldItalic.ttf */ = {isa = PBXFileReference; lastKnownFileType = file; path = "Archivo-SemiBoldItalic.ttf"; sourceTree = "<group>"; };
		81E1B5432925BEF200C36CC3 /* ReserveCarViewController.swift */ = {isa = PBXFileReference; lastKnownFileType = sourcecode.swift; path = ReserveCarViewController.swift; sourceTree = "<group>"; };
		81E1B5482925C89600C36CC3 /* ReserveCollectionViewCell.swift */ = {isa = PBXFileReference; lastKnownFileType = sourcecode.swift; path = ReserveCollectionViewCell.swift; sourceTree = "<group>"; };
/* End PBXFileReference section */

/* Begin PBXFrameworksBuildPhase section */
		81B423F9292051C700EE4F58 /* Frameworks */ = {
			isa = PBXFrameworksBuildPhase;
			buildActionMask = 2147483647;
			files = (
				38698E1C26F126DCDBD1E4C7 /* Pods_rentex_rent_car.framework in Frameworks */,
			);
			runOnlyForDeploymentPostprocessing = 0;
		};
/* End PBXFrameworksBuildPhase section */

/* Begin PBXGroup section */
		7D226F2BEAF00F85450DAB42 /* Frameworks */ = {
			isa = PBXGroup;
			children = (
				3B318E055E107B925F32C67E /* Pods_rentex_rent_car.framework */,
			);
			name = Frameworks;
			sourceTree = "<group>";
		};
		810E3DE829205BBC00AF1BCC /* Cells */ = {
			isa = PBXGroup;
			children = (
				810E3C23292055D000AF1BCC /* CarTableViewCell.swift */,
				81D2DE7D2921619A009D9A97 /* DetailsCarCollectionViewCell.swift */,
				81E1B5482925C89600C36CC3 /* ReserveCollectionViewCell.swift */,
				813932A5292A3BBE00C00F45 /* RentsByUserTableViewCell.swift */,
			);
			path = Cells;
			sourceTree = "<group>";
		};
		810E3DEC2920624E00AF1BCC /* Controllers */ = {
			isa = PBXGroup;
			children = (
				810E3DEF2920631700AF1BCC /* HomeTableViewController.swift */,
				81D2DE7F29216753009D9A97 /* DetailsCarViewController.swift */,
				81209C492922A0A8001AFFA2 /* RentDateSelectedViewController.swift */,
				81E1B5432925BEF200C36CC3 /* ReserveCarViewController.swift */,
				8169684A292966F600FBCAC9 /* ScheduleCompleteViewController.swift */,
				817F3F8D292A5333001875A7 /* SchedulesByUserViewController.swift */,
			);
			path = Controllers;
			sourceTree = "<group>";
		};
		810E3DF1292064F300AF1BCC /* Models */ = {
			isa = PBXGroup;
			children = (
				810E3DF22920650000AF1BCC /* CarsModel.swift */,
				810E3DF4292066BD00AF1BCC /* SchedulesByCarsModel.swift */,
				81379BEB2928550000D47159 /* RequestManager.swift */,
				81CCB99D292996D5009A58DB /* SchedulesByUserModel.swift */,
			);
			path = Models;
			sourceTree = "<group>";
		};
		81142C3C29210F04009851A6 /* Factories */ = {
			isa = PBXGroup;
			children = (
				81142C3D29210F15009851A6 /* Factories.swift */,
			);
			path = Factories;
			sourceTree = "<group>";
		};
		81142C3F29211C7D009851A6 /* ImageBundle */ = {
			isa = PBXGroup;
			children = (
			);
			path = ImageBundle;
			sourceTree = "<group>";
		};
		81B423F3292051C700EE4F58 = {
			isa = PBXGroup;
			children = (
				81B423FE292051C700EE4F58 /* rentex rent car */,
				81B423FD292051C700EE4F58 /* Products */,
				CDEAB345E6747C8448CAB78E /* Pods */,
				7D226F2BEAF00F85450DAB42 /* Frameworks */,
			);
			sourceTree = "<group>";
		};
		81B423FD292051C700EE4F58 /* Products */ = {
			isa = PBXGroup;
			children = (
				81B423FC292051C700EE4F58 /* rentex rent car.app */,
			);
			name = Products;
			sourceTree = "<group>";
		};
		81B423FE292051C700EE4F58 /* rentex rent car */ = {
			isa = PBXGroup;
			children = (
				81B423FF292051C700EE4F58 /* AppDelegate.swift */,
				81B42401292051C700EE4F58 /* SceneDelegate.swift */,
				81142C3F29211C7D009851A6 /* ImageBundle */,
				81142C3C29210F04009851A6 /* Factories */,
				810E3DF1292064F300AF1BCC /* Models */,
				810E3DEC2920624E00AF1BCC /* Controllers */,
				81D2DED92921752B009D9A97 /* fonts */,
				810E3DE829205BBC00AF1BCC /* Cells */,
				81B424192920558A00EE4F58 /* Views */,
				81B42408292051C800EE4F58 /* Assets.xcassets */,
				81B4240D292051C800EE4F58 /* Info.plist */,
			);
			path = "rentex rent car";
			sourceTree = "<group>";
		};
		81B424192920558A00EE4F58 /* Views */ = {
			isa = PBXGroup;
			children = (
				813932A6292A3BBE00C00F45 /* RentsByUserTableViewCell.xib */,
				810E3DEB2920619200AF1BCC /* CarTableViewCell.xib */,
				81B42405292051C700EE4F58 /* Main.storyboard */,
				81B4240A292051C800EE4F58 /* LaunchScreen.storyboard */,
			);
			path = Views;
			sourceTree = "<group>";
		};
		81D2DED92921752B009D9A97 /* fonts */ = {
			isa = PBXGroup;
			children = (
				81D2DEDA2921752B009D9A97 /* Inter */,
				81D2DEE42921752C009D9A97 /* Archivo */,
			);
			path = fonts;
			sourceTree = "<group>";
		};
		81D2DEDA2921752B009D9A97 /* Inter */ = {
			isa = PBXGroup;
			children = (
				81D2DEE22921752C009D9A97 /* Inter-Medium.ttf */,
				81D2DEDC2921752C009D9A97 /* Inter-Light.ttf */,
				81D2DEDB2921752C009D9A97 /* Inter-Thin.ttf */,
				81D2DEDF2921752C009D9A97 /* Inter-Bold.ttf */,
				81D2DEE12921752C009D9A97 /* Inter-Regular.ttf */,
				81D2DEDD2921752C009D9A97 /* Inter-ExtraBold.ttf */,
				81D2DEE32921752C009D9A97 /* Inter-ExtraLight.ttf */,
				81D2DEDE2921752C009D9A97 /* Inter-Black.ttf */,
				81D2DEE02921752C009D9A97 /* Inter-SemiBold.ttf */,
			);
			path = Inter;
			sourceTree = "<group>";
		};
		81D2DEE42921752C009D9A97 /* Archivo */ = {
			isa = PBXGroup;
			children = (
				81D2DEED2921752D009D9A97 /* Archivo-BlackItalic.ttf */,
				81D2DEEC2921752D009D9A97 /* Archivo-Regular.ttf */,
				81D2DEEF2921752D009D9A97 /* Archivo-Black.ttf */,
				81D2DEF02921752D009D9A97 /* Archivo-MediumItalic.ttf */,
				81D2DEE52921752C009D9A97 /* Archivo-SemiBold.ttf */,
				81D2DEF62921752E009D9A97 /* Archivo-SemiBoldItalic.ttf */,
				81D2DEE72921752C009D9A97 /* Archivo-Medium.ttf */,
				81D2DEE82921752C009D9A97 /* Archivo-LightItalic.ttf */,
				81D2DEF52921752D009D9A97 /* Archivo-ExtraLight.ttf */,
				81D2DEE62921752C009D9A97 /* Archivo-ThinItalic.ttf */,
				81D2DEF12921752D009D9A97 /* Archivo-BoldItalic.ttf */,
				81D2DEEE2921752D009D9A97 /* Archivo-Italic.ttf */,
				81D2DEF22921752D009D9A97 /* Archivo-ExtraBoldItalic.ttf */,
				81D2DEF42921752D009D9A97 /* Archivo-Bold.ttf */,
				81D2DEE92921752D009D9A97 /* Archivo-ExtraLightItalic.ttf */,
				81D2DEEA2921752D009D9A97 /* Archivo-ExtraBold.ttf */,
				81D2DEEB2921752D009D9A97 /* Archivo-Light.ttf */,
				81D2DEF32921752D009D9A97 /* Archivo-Thin.ttf */,
			);
			path = Archivo;
			sourceTree = "<group>";
		};
		CDEAB345E6747C8448CAB78E /* Pods */ = {
			isa = PBXGroup;
			children = (
				4EDEB9CAB2C68367A2396849 /* Pods-rentex rent car.debug.xcconfig */,
				7F9A49B94DA45029C2F31E7D /* Pods-rentex rent car.release.xcconfig */,
			);
			path = Pods;
			sourceTree = "<group>";
		};
/* End PBXGroup section */

/* Begin PBXNativeTarget section */
		81B423FB292051C700EE4F58 /* rentex rent car */ = {
			isa = PBXNativeTarget;
			buildConfigurationList = 81B42410292051C800EE4F58 /* Build configuration list for PBXNativeTarget "rentex rent car" */;
			buildPhases = (
				535A93BDEC52E87800709582 /* [CP] Check Pods Manifest.lock */,
				81B423F8292051C700EE4F58 /* Sources */,
				81B423F9292051C700EE4F58 /* Frameworks */,
				81B423FA292051C700EE4F58 /* Resources */,
				5F9CFF47961DD01CC0ACE009 /* [CP] Embed Pods Frameworks */,
			);
			buildRules = (
			);
			dependencies = (
			);
			name = "rentex rent car";
			productName = "rentex rent car";
			productReference = 81B423FC292051C700EE4F58 /* rentex rent car.app */;
			productType = "com.apple.product-type.application";
		};
/* End PBXNativeTarget section */

/* Begin PBXProject section */
		81B423F4292051C700EE4F58 /* Project object */ = {
			isa = PBXProject;
			attributes = {
				BuildIndependentTargetsInParallel = 1;
				LastSwiftUpdateCheck = 1400;
				LastUpgradeCheck = 1400;
				TargetAttributes = {
					81B423FB292051C700EE4F58 = {
						CreatedOnToolsVersion = 14.0.1;
					};
				};
			};
			buildConfigurationList = 81B423F7292051C700EE4F58 /* Build configuration list for PBXProject "rentex rent car" */;
			compatibilityVersion = "Xcode 14.0";
			developmentRegion = en;
			hasScannedForEncodings = 0;
			knownRegions = (
				en,
				Base,
			);
			mainGroup = 81B423F3292051C700EE4F58;
			productRefGroup = 81B423FD292051C700EE4F58 /* Products */;
			projectDirPath = "";
			projectRoot = "";
			targets = (
				81B423FB292051C700EE4F58 /* rentex rent car */,
			);
		};
/* End PBXProject section */

/* Begin PBXResourcesBuildPhase section */
		81B423FA292051C700EE4F58 /* Resources */ = {
			isa = PBXResourcesBuildPhase;
			buildActionMask = 2147483647;
			files = (
				81B4240C292051C800EE4F58 /* LaunchScreen.storyboard in Resources */,
				81B42409292051C800EE4F58 /* Assets.xcassets in Resources */,
				813932A8292A3BBE00C00F45 /* RentsByUserTableViewCell.xib in Resources */,
				810E3DE92920619200AF1BCC /* CarTableViewCell.xib in Resources */,
				81B42407292051C700EE4F58 /* Main.storyboard in Resources */,
			);
			runOnlyForDeploymentPostprocessing = 0;
		};
/* End PBXResourcesBuildPhase section */

/* Begin PBXShellScriptBuildPhase section */
		535A93BDEC52E87800709582 /* [CP] Check Pods Manifest.lock */ = {
			isa = PBXShellScriptBuildPhase;
			buildActionMask = 2147483647;
			files = (
			);
			inputFileListPaths = (
			);
			inputPaths = (
				"${PODS_PODFILE_DIR_PATH}/Podfile.lock",
				"${PODS_ROOT}/Manifest.lock",
			);
			name = "[CP] Check Pods Manifest.lock";
			outputFileListPaths = (
			);
			outputPaths = (
				"$(DERIVED_FILE_DIR)/Pods-rentex rent car-checkManifestLockResult.txt",
			);
			runOnlyForDeploymentPostprocessing = 0;
			shellPath = /bin/sh;
			shellScript = "diff \"${PODS_PODFILE_DIR_PATH}/Podfile.lock\" \"${PODS_ROOT}/Manifest.lock\" > /dev/null\nif [ $? != 0 ] ; then\n    # print error to STDERR\n    echo \"error: The sandbox is not in sync with the Podfile.lock. Run 'pod install' or update your CocoaPods installation.\" >&2\n    exit 1\nfi\n# This output is used by Xcode 'outputs' to avoid re-running this script phase.\necho \"SUCCESS\" > \"${SCRIPT_OUTPUT_FILE_0}\"\n";
			showEnvVarsInLog = 0;
		};
		5F9CFF47961DD01CC0ACE009 /* [CP] Embed Pods Frameworks */ = {
			isa = PBXShellScriptBuildPhase;
			buildActionMask = 2147483647;
			files = (
			);
			inputFileListPaths = (
				"${PODS_ROOT}/Target Support Files/Pods-rentex rent car/Pods-rentex rent car-frameworks-${CONFIGURATION}-input-files.xcfilelist",
			);
			name = "[CP] Embed Pods Frameworks";
			outputFileListPaths = (
				"${PODS_ROOT}/Target Support Files/Pods-rentex rent car/Pods-rentex rent car-frameworks-${CONFIGURATION}-output-files.xcfilelist",
			);
			runOnlyForDeploymentPostprocessing = 0;
			shellPath = /bin/sh;
			shellScript = "\"${PODS_ROOT}/Target Support Files/Pods-rentex rent car/Pods-rentex rent car-frameworks.sh\"\n";
			showEnvVarsInLog = 0;
		};
/* End PBXShellScriptBuildPhase section */

/* Begin PBXSourcesBuildPhase section */
		81B423F8292051C700EE4F58 /* Sources */ = {
			isa = PBXSourcesBuildPhase;
			buildActionMask = 2147483647;
			files = (
				81142C3E29210F15009851A6 /* Factories.swift in Sources */,
				810E3DF5292066BD00AF1BCC /* SchedulesByCarsModel.swift in Sources */,
				813932A7292A3BBE00C00F45 /* RentsByUserTableViewCell.swift in Sources */,
				817F3F8E292A5333001875A7 /* SchedulesByUserViewController.swift in Sources */,
				81E1B5442925BEF200C36CC3 /* ReserveCarViewController.swift in Sources */,
				81D2DE8029216753009D9A97 /* DetailsCarViewController.swift in Sources */,
				8169684B292966F600FBCAC9 /* ScheduleCompleteViewController.swift in Sources */,
				810E3DF02920631700AF1BCC /* HomeTableViewController.swift in Sources */,
				810E3DF32920650000AF1BCC /* CarsModel.swift in Sources */,
				81B42400292051C700EE4F58 /* AppDelegate.swift in Sources */,
				81209C4A2922A0A8001AFFA2 /* RentDateSelectedViewController.swift in Sources */,
				81B42402292051C700EE4F58 /* SceneDelegate.swift in Sources */,
				81E1B5492925C89600C36CC3 /* ReserveCollectionViewCell.swift in Sources */,
				81CCB99E292996D5009A58DB /* SchedulesByUserModel.swift in Sources */,
				81379BEC2928550000D47159 /* RequestManager.swift in Sources */,
				81D2DE7E2921619A009D9A97 /* DetailsCarCollectionViewCell.swift in Sources */,
				810E3C25292055D000AF1BCC /* CarTableViewCell.swift in Sources */,
			);
			runOnlyForDeploymentPostprocessing = 0;
		};
/* End PBXSourcesBuildPhase section */

/* Begin PBXVariantGroup section */
		810E3DEB2920619200AF1BCC /* CarTableViewCell.xib */ = {
			isa = PBXVariantGroup;
			children = (
				810E3DEA2920619200AF1BCC /* Base */,
			);
			name = CarTableViewCell.xib;
			path = ..;
			sourceTree = "<group>";
		};
		81B42405292051C700EE4F58 /* Main.storyboard */ = {
			isa = PBXVariantGroup;
			children = (
				81B42406292051C700EE4F58 /* Base */,
			);
			name = Main.storyboard;
			sourceTree = "<group>";
		};
		81B4240A292051C800EE4F58 /* LaunchScreen.storyboard */ = {
			isa = PBXVariantGroup;
			children = (
				81B4240B292051C800EE4F58 /* Base */,
			);
			name = LaunchScreen.storyboard;
			sourceTree = "<group>";
		};
/* End PBXVariantGroup section */

/* Begin XCBuildConfiguration section */
		81B4240E292051C800EE4F58 /* Debug */ = {
			isa = XCBuildConfiguration;
			buildSettings = {
				ALWAYS_SEARCH_USER_PATHS = NO;
				CLANG_ANALYZER_NONNULL = YES;
				CLANG_ANALYZER_NUMBER_OBJECT_CONVERSION = YES_AGGRESSIVE;
				CLANG_CXX_LANGUAGE_STANDARD = "gnu++20";
				CLANG_ENABLE_MODULES = YES;
				CLANG_ENABLE_OBJC_ARC = YES;
				CLANG_ENABLE_OBJC_WEAK = YES;
				CLANG_WARN_BLOCK_CAPTURE_AUTORELEASING = YES;
				CLANG_WARN_BOOL_CONVERSION = YES;
				CLANG_WARN_COMMA = YES;
				CLANG_WARN_CONSTANT_CONVERSION = YES;
				CLANG_WARN_DEPRECATED_OBJC_IMPLEMENTATIONS = YES;
				CLANG_WARN_DIRECT_OBJC_ISA_USAGE = YES_ERROR;
				CLANG_WARN_DOCUMENTATION_COMMENTS = YES;
				CLANG_WARN_EMPTY_BODY = YES;
				CLANG_WARN_ENUM_CONVERSION = YES;
				CLANG_WARN_INFINITE_RECURSION = YES;
				CLANG_WARN_INT_CONVERSION = YES;
				CLANG_WARN_NON_LITERAL_NULL_CONVERSION = YES;
				CLANG_WARN_OBJC_IMPLICIT_RETAIN_SELF = YES;
				CLANG_WARN_OBJC_LITERAL_CONVERSION = YES;
				CLANG_WARN_OBJC_ROOT_CLASS = YES_ERROR;
				CLANG_WARN_QUOTED_INCLUDE_IN_FRAMEWORK_HEADER = YES;
				CLANG_WARN_RANGE_LOOP_ANALYSIS = YES;
				CLANG_WARN_STRICT_PROTOTYPES = YES;
				CLANG_WARN_SUSPICIOUS_MOVE = YES;
				CLANG_WARN_UNGUARDED_AVAILABILITY = YES_AGGRESSIVE;
				CLANG_WARN_UNREACHABLE_CODE = YES;
				CLANG_WARN__DUPLICATE_METHOD_MATCH = YES;
				COPY_PHASE_STRIP = NO;
				DEBUG_INFORMATION_FORMAT = dwarf;
				ENABLE_STRICT_OBJC_MSGSEND = YES;
				ENABLE_TESTABILITY = YES;
				GCC_C_LANGUAGE_STANDARD = gnu11;
				GCC_DYNAMIC_NO_PIC = NO;
				GCC_NO_COMMON_BLOCKS = YES;
				GCC_OPTIMIZATION_LEVEL = 0;
				GCC_PREPROCESSOR_DEFINITIONS = (
					"DEBUG=1",
					"$(inherited)",
				);
				GCC_WARN_64_TO_32_BIT_CONVERSION = YES;
				GCC_WARN_ABOUT_RETURN_TYPE = YES_ERROR;
				GCC_WARN_UNDECLARED_SELECTOR = YES;
				GCC_WARN_UNINITIALIZED_AUTOS = YES_AGGRESSIVE;
				GCC_WARN_UNUSED_FUNCTION = YES;
				GCC_WARN_UNUSED_VARIABLE = YES;
				IPHONEOS_DEPLOYMENT_TARGET = 16.0;
				MTL_ENABLE_DEBUG_INFO = INCLUDE_SOURCE;
				MTL_FAST_MATH = YES;
				ONLY_ACTIVE_ARCH = YES;
				SDKROOT = iphoneos;
				SWIFT_ACTIVE_COMPILATION_CONDITIONS = DEBUG;
				SWIFT_OPTIMIZATION_LEVEL = "-Onone";
			};
			name = Debug;
		};
		81B4240F292051C800EE4F58 /* Release */ = {
			isa = XCBuildConfiguration;
			buildSettings = {
				ALWAYS_SEARCH_USER_PATHS = NO;
				CLANG_ANALYZER_NONNULL = YES;
				CLANG_ANALYZER_NUMBER_OBJECT_CONVERSION = YES_AGGRESSIVE;
				CLANG_CXX_LANGUAGE_STANDARD = "gnu++20";
				CLANG_ENABLE_MODULES = YES;
				CLANG_ENABLE_OBJC_ARC = YES;
				CLANG_ENABLE_OBJC_WEAK = YES;
				CLANG_WARN_BLOCK_CAPTURE_AUTORELEASING = YES;
				CLANG_WARN_BOOL_CONVERSION = YES;
				CLANG_WARN_COMMA = YES;
				CLANG_WARN_CONSTANT_CONVERSION = YES;
				CLANG_WARN_DEPRECATED_OBJC_IMPLEMENTATIONS = YES;
				CLANG_WARN_DIRECT_OBJC_ISA_USAGE = YES_ERROR;
				CLANG_WARN_DOCUMENTATION_COMMENTS = YES;
				CLANG_WARN_EMPTY_BODY = YES;
				CLANG_WARN_ENUM_CONVERSION = YES;
				CLANG_WARN_INFINITE_RECURSION = YES;
				CLANG_WARN_INT_CONVERSION = YES;
				CLANG_WARN_NON_LITERAL_NULL_CONVERSION = YES;
				CLANG_WARN_OBJC_IMPLICIT_RETAIN_SELF = YES;
				CLANG_WARN_OBJC_LITERAL_CONVERSION = YES;
				CLANG_WARN_OBJC_ROOT_CLASS = YES_ERROR;
				CLANG_WARN_QUOTED_INCLUDE_IN_FRAMEWORK_HEADER = YES;
				CLANG_WARN_RANGE_LOOP_ANALYSIS = YES;
				CLANG_WARN_STRICT_PROTOTYPES = YES;
				CLANG_WARN_SUSPICIOUS_MOVE = YES;
				CLANG_WARN_UNGUARDED_AVAILABILITY = YES_AGGRESSIVE;
				CLANG_WARN_UNREACHABLE_CODE = YES;
				CLANG_WARN__DUPLICATE_METHOD_MATCH = YES;
				COPY_PHASE_STRIP = NO;
				DEBUG_INFORMATION_FORMAT = "dwarf-with-dsym";
				ENABLE_NS_ASSERTIONS = NO;
				ENABLE_STRICT_OBJC_MSGSEND = YES;
				GCC_C_LANGUAGE_STANDARD = gnu11;
				GCC_NO_COMMON_BLOCKS = YES;
				GCC_WARN_64_TO_32_BIT_CONVERSION = YES;
				GCC_WARN_ABOUT_RETURN_TYPE = YES_ERROR;
				GCC_WARN_UNDECLARED_SELECTOR = YES;
				GCC_WARN_UNINITIALIZED_AUTOS = YES_AGGRESSIVE;
				GCC_WARN_UNUSED_FUNCTION = YES;
				GCC_WARN_UNUSED_VARIABLE = YES;
				IPHONEOS_DEPLOYMENT_TARGET = 16.0;
				MTL_ENABLE_DEBUG_INFO = NO;
				MTL_FAST_MATH = YES;
				SDKROOT = iphoneos;
				SWIFT_COMPILATION_MODE = wholemodule;
				SWIFT_OPTIMIZATION_LEVEL = "-O";
				VALIDATE_PRODUCT = YES;
			};
			name = Release;
		};
		81B42411292051C800EE4F58 /* Debug */ = {
			isa = XCBuildConfiguration;
			baseConfigurationReference = 4EDEB9CAB2C68367A2396849 /* Pods-rentex rent car.debug.xcconfig */;
			buildSettings = {
				ASSETCATALOG_COMPILER_APPICON_NAME = AppIcon;
				ASSETCATALOG_COMPILER_GLOBAL_ACCENT_COLOR_NAME = AccentColor;
				CODE_SIGN_STYLE = Automatic;
				CURRENT_PROJECT_VERSION = 1;
				DEVELOPMENT_TEAM = R555F6422X;
				GENERATE_INFOPLIST_FILE = YES;
				INFOPLIST_FILE = "rentex rent car/Info.plist";
				INFOPLIST_KEY_CFBundleDisplayName = "Rent Cars";
				INFOPLIST_KEY_UIApplicationSupportsIndirectInputEvents = YES;
				INFOPLIST_KEY_UILaunchStoryboardName = LaunchScreen;
				INFOPLIST_KEY_UIMainStoryboardFile = Main;
				INFOPLIST_KEY_UIStatusBarStyle = UIStatusBarStyleLightContent;
				INFOPLIST_KEY_UISupportedInterfaceOrientations = UIInterfaceOrientationPortrait;
				INFOPLIST_KEY_UISupportedInterfaceOrientations_iPad = "UIInterfaceOrientationLandscapeLeft UIInterfaceOrientationLandscapeRight UIInterfaceOrientationPortrait UIInterfaceOrientationPortraitUpsideDown";
				IPHONEOS_DEPLOYMENT_TARGET = 14.0;
				LD_RUNPATH_SEARCH_PATHS = (
					"$(inherited)",
					"@executable_path/Frameworks",
				);
				MARKETING_VERSION = 1.0;
				PRODUCT_BUNDLE_IDENTIFIER = "com.kvm.rentex-rent-car";
				PRODUCT_NAME = "$(TARGET_NAME)";
				SUPPORTED_PLATFORMS = "iphoneos iphonesimulator";
				SUPPORTS_MACCATALYST = NO;
				SUPPORTS_MAC_DESIGNED_FOR_IPHONE_IPAD = NO;
				SWIFT_EMIT_LOC_STRINGS = YES;
				SWIFT_VERSION = 5.0;
				TARGETED_DEVICE_FAMILY = 1;
			};
			name = Debug;
		};
		81B42412292051C800EE4F58 /* Release */ = {
			isa = XCBuildConfiguration;
			baseConfigurationReference = 7F9A49B94DA45029C2F31E7D /* Pods-rentex rent car.release.xcconfig */;
			buildSettings = {
				ASSETCATALOG_COMPILER_APPICON_NAME = AppIcon;
				ASSETCATALOG_COMPILER_GLOBAL_ACCENT_COLOR_NAME = AccentColor;
				CODE_SIGN_STYLE = Automatic;
				CURRENT_PROJECT_VERSION = 1;
				DEVELOPMENT_TEAM = R555F6422X;
				GENERATE_INFOPLIST_FILE = YES;
				INFOPLIST_FILE = "rentex rent car/Info.plist";
				INFOPLIST_KEY_CFBundleDisplayName = "Rent Cars";
				INFOPLIST_KEY_UIApplicationSupportsIndirectInputEvents = YES;
				INFOPLIST_KEY_UILaunchStoryboardName = LaunchScreen;
				INFOPLIST_KEY_UIMainStoryboardFile = Main;
				INFOPLIST_KEY_UIStatusBarStyle = UIStatusBarStyleLightContent;
				INFOPLIST_KEY_UISupportedInterfaceOrientations = UIInterfaceOrientationPortrait;
				INFOPLIST_KEY_UISupportedInterfaceOrientations_iPad = "UIInterfaceOrientationLandscapeLeft UIInterfaceOrientationLandscapeRight UIInterfaceOrientationPortrait UIInterfaceOrientationPortraitUpsideDown";
				IPHONEOS_DEPLOYMENT_TARGET = 14.0;
				LD_RUNPATH_SEARCH_PATHS = (
					"$(inherited)",
					"@executable_path/Frameworks",
				);
				MARKETING_VERSION = 1.0;
				PRODUCT_BUNDLE_IDENTIFIER = "com.kvm.rentex-rent-car";
				PRODUCT_NAME = "$(TARGET_NAME)";
				SUPPORTED_PLATFORMS = "iphoneos iphonesimulator";
				SUPPORTS_MACCATALYST = NO;
				SUPPORTS_MAC_DESIGNED_FOR_IPHONE_IPAD = NO;
				SWIFT_EMIT_LOC_STRINGS = YES;
				SWIFT_VERSION = 5.0;
				TARGETED_DEVICE_FAMILY = 1;
			};
			name = Release;
		};
/* End XCBuildConfiguration section */

/* Begin XCConfigurationList section */
		81B423F7292051C700EE4F58 /* Build configuration list for PBXProject "rentex rent car" */ = {
			isa = XCConfigurationList;
			buildConfigurations = (
				81B4240E292051C800EE4F58 /* Debug */,
				81B4240F292051C800EE4F58 /* Release */,
			);
			defaultConfigurationIsVisible = 0;
			defaultConfigurationName = Release;
		};
		81B42410292051C800EE4F58 /* Build configuration list for PBXNativeTarget "rentex rent car" */ = {
			isa = XCConfigurationList;
			buildConfigurations = (
				81B42411292051C800EE4F58 /* Debug */,
				81B42412292051C800EE4F58 /* Release */,
			);
			defaultConfigurationIsVisible = 0;
			defaultConfigurationName = Release;
		};
/* End XCConfigurationList section */
	};
	rootObject = 81B423F4292051C700EE4F58 /* Project object */;
}
